
Microsoft Visual Studio Solution File, Format Version 12.00
Project("{FAE04EC0-301F-11D3-BF4B-00C04F79EFBC}") = "API", "API\API.csproj", "{C3F18FFA-FE05-4E62-9620-9A79BF55B0BB}"
EndProject
Project("{FAE04EC0-301F-11D3-BF4B-00C04F79EFBC}") = "Domain", "Domain\Domain.csproj", "{5FBB2CE6-74C9-4928-BB1A-38ECD802B2BF}"
EndProject
Project("{FAE04EC0-301F-11D3-BF4B-00C04F79EFBC}") = "Application", "Application\Application.csproj", "{80FF4F9F-931D-4132-9B45-C3C0AE13D390}"
EndProject
Project("{FAE04EC0-301F-11D3-BF4B-00C04F79EFBC}") = "Infrastructure", "Infrastructure\Infrastructure.csproj", "{2EC61591-41EC-4140-93F3-8C6D4C437406}"
EndProject
Global
	GlobalSection(SolutionConfigurationPlatforms) = preSolution
		Debug|Any CPU = Debug|Any CPU
		Release|Any CPU = Release|Any CPU
	EndGlobalSection
	GlobalSection(ProjectConfigurationPlatforms) = postSolution
		{C3F18FFA-FE05-4E62-9620-9A79BF55B0BB}.Debug|Any CPU.ActiveCfg = Debug|Any CPU
		{C3F18FFA-FE05-4E62-9620-9A79BF55B0BB}.Debug|Any CPU.Build.0 = Debug|Any CPU
		{C3F18FFA-FE05-4E62-9620-9A79BF55B0BB}.Release|Any CPU.ActiveCfg = Release|Any CPU
		{C3F18FFA-FE05-4E62-9620-9A79BF55B0BB}.Release|Any CPU.Build.0 = Release|Any CPU
		{5FBB2CE6-74C9-4928-BB1A-38ECD802B2BF}.Debug|Any CPU.ActiveCfg = Debug|Any CPU
		{5FBB2CE6-74C9-4928-BB1A-38ECD802B2BF}.Debug|Any CPU.Build.0 = Debug|Any CPU
		{5FBB2CE6-74C9-4928-BB1A-38ECD802B2BF}.Release|Any CPU.ActiveCfg = Release|Any CPU
		{5FBB2CE6-74C9-4928-BB1A-38ECD802B2BF}.Release|Any CPU.Build.0 = Release|Any CPU
		{80FF4F9F-931D-4132-9B45-C3C0AE13D390}.Debug|Any CPU.ActiveCfg = Debug|Any CPU
		{80FF4F9F-931D-4132-9B45-C3C0AE13D390}.Debug|Any CPU.Build.0 = Debug|Any CPU
		{80FF4F9F-931D-4132-9B45-C3C0AE13D390}.Release|Any CPU.ActiveCfg = Release|Any CPU
		{80FF4F9F-931D-4132-9B45-C3C0AE13D390}.Release|Any CPU.Build.0 = Release|Any CPU
		{2EC61591-41EC-4140-93F3-8C6D4C437406}.Debug|Any CPU.ActiveCfg = Debug|Any CPU
		{2EC61591-41EC-4140-93F3-8C6D4C437406}.Debug|Any CPU.Build.0 = Debug|Any CPU
		{2EC61591-41EC-4140-93F3-8C6D4C437406}.Release|Any CPU.ActiveCfg = Release|Any CPU
		{2EC61591-41EC-4140-93F3-8C6D4C437406}.Release|Any CPU.Build.0 = Release|Any CPU
	EndGlobalSection
EndGlobal
